
Microsoft Visual Studio Solution File, Format Version 12.00
# Visual Studio Version 17
VisualStudioVersion = 17.14.36221.1 d17.14
MinimumVisualStudioVersion = 10.0.40219.1
Project("{8BC9CEB8-8B4A-11D0-8D11-00A0C91BC942}") = "Szukanie Drogi Wiele Agentów", "Szukanie Drogi Wiele Agentów\Szukanie Drogi Wiele Agentów.vcxproj", "{406FA580-8AB3-448F-A630-DA30EE65AE41}"
EndProject
Global
	GlobalSection(SolutionConfigurationPlatforms) = preSolution
		Debug|x64 = Debug|x64
		Debug|x86 = Debug|x86
		Release|x64 = Release|x64
		Release|x86 = Release|x86
	EndGlobalSection
	GlobalSection(ProjectConfigurationPlatforms) = postSolution
		{406FA580-8AB3-448F-A630-DA30EE65AE41}.Debug|x64.ActiveCfg = Debug|x64
		{406FA580-8AB3-448F-A630-DA30EE65AE41}.Debug|x64.Build.0 = Debug|x64
		{406FA580-8AB3-448F-A630-DA30EE65AE41}.Debug|x86.ActiveCfg = Debug|Win32
		{406FA580-8AB3-448F-A630-DA30EE65AE41}.Debug|x86.Build.0 = Debug|Win32
		{406FA580-8AB3-448F-A630-DA30EE65AE41}.Release|x64.ActiveCfg = Release|x64
		{406FA580-8AB3-448F-A630-DA30EE65AE41}.Release|x64.Build.0 = Release|x64
		{406FA580-8AB3-448F-A630-DA30EE65AE41}.Release|x86.ActiveCfg = Release|Win32
		{406FA580-8AB3-448F-A630-DA30EE65AE41}.Release|x86.Build.0 = Release|Win32
	EndGlobalSection
	GlobalSection(SolutionProperties) = preSolution
		HideSolutionNode = FALSE
	EndGlobalSection
	GlobalSection(ExtensibilityGlobals) = postSolution
		SolutionGuid = {7497989B-1A6A-4A6E-8E79-627EA4A38865}
	EndGlobalSection
EndGlobal
