<?xml version="1.0" encoding="utf-8"?>
<Project ToolsVersion="4.0" xmlns="http://schemas.microsoft.com/developer/msbuild/2003">
  <ItemGroup>
    <Filter Include="Pliki źródłowe">
      <UniqueIdentifier>{4FC737F1-C7A5-4376-A066-2A32D752A2FF}</UniqueIdentifier>
      <Extensions>cpp;c;cc;cxx;c++;cppm;ixx;def;odl;idl;hpj;bat;asm;asmx</Extensions>
    </Filter>
    <Filter Include="Pliki nagłówkowe">
      <UniqueIdentifier>{93995380-89BD-4b04-88EB-625FBE52EBFB}</UniqueIdentifier>
      <Extensions>h;hh;hpp;hxx;h++;hm;inl;inc;ipp;xsd</Extensions>
    </Filter>
    <Filter Include="Pliki zasobów">
      <UniqueIdentifier>{67DA6AB6-F800-4c08-8B7A-83BB121AAD01}</UniqueIdentifier>
      <Extensions>rc;ico;cur;bmp;dlg;rc2;rct;bin;rgs;gif;jpg;jpeg;jpe;resx;tiff;tif;png;wav;mfcribbon-ms</Extensions>
    </Filter>
    <Filter Include="Pliki źródłowe\Obiekty">
      <UniqueIdentifier>{c684e409-a383-432e-b4e6-56726e49ccf0}</UniqueIdentifier>
    </Filter>
    <Filter Include="Pliki źródłowe\Systemy">
      <UniqueIdentifier>{5228693c-79c1-4534-a841-714698d63904}</UniqueIdentifier>
    </Filter>
    <Filter Include="Pliki źródłowe\Logika">
      <UniqueIdentifier>{456e2aa3-5bfd-40e5-a4ad-d7b2e2129a3e}</UniqueIdentifier>
    </Filter>
    <Filter Include="Pliki źródłowe\Zasob">
      <UniqueIdentifier>{323f3998-9b3d-4a63-b810-efb71d2a6171}</UniqueIdentifier>
    </Filter>
  </ItemGroup>
  <ItemGroup>
    <ClCompile Include="main.cpp">
      <Filter>Pliki źródłowe</Filter>
    </ClCompile>
    <ClCompile Include="Obiekt.cpp">
      <Filter>Pliki źródłowe\Obiekty</Filter>
    </ClCompile>
    <ClCompile Include="Agent.cpp">
      <Filter>Pliki źródłowe\Obiekty</Filter>
    </ClCompile>
    <ClCompile Include="SystemNamierzania.cpp">
      <Filter>Pliki źródłowe\Systemy</Filter>
    </ClCompile>
    <ClCompile Include="CzasLogiki.cpp">
      <Filter>Pliki źródłowe\Systemy</Filter>
    </ClCompile>
    <ClCompile Include="Zasob.cpp">
      <Filter>Pliki źródłowe\Zasob</Filter>
    </ClCompile>
    <ClCompile Include="PozycjeNaMapie.cpp">
      <Filter>Pliki źródłowe\Logika</Filter>
    </ClCompile>
    <ClCompile Include="Funkcje.cpp">
      <Filter>Pliki źródłowe\Logika</Filter>
    </ClCompile>
    <ClCompile Include="Gra.cpp">
      <Filter>Pliki źródłowe\Systemy</Filter>
    </ClCompile>
    <ClCompile Include="Mapa.cpp">
      <Filter>Pliki źródłowe\Systemy</Filter>
    </ClCompile>
    <ClCompile Include="SystemObrazen.cpp">
      <Filter>Pliki źródłowe\Systemy</Filter>
    </ClCompile>
    <ClCompile Include="Bron.cpp">
      <Filter>Pliki źródłowe\Logika</Filter>
    </ClCompile>
    <ClCompile Include="GraczISter.cpp">
      <Filter>Pliki źródłowe\Logika</Filter>
    </ClCompile>
  </ItemGroup>
  <ItemGroup>
    <ClInclude Include="Mapa.h">
      <Filter>Pliki nagłówkowe</Filter>
    </ClInclude>
    <ClInclude Include="CzasLogiki.h">
      <Filter>Pliki nagłówkowe</Filter>
    </ClInclude>
    <ClInclude Include="Agent.h">
      <Filter>Pliki nagłówkowe</Filter>
    </ClInclude>
    <ClInclude Include="Kolory.h">
      <Filter>Pliki nagłówkowe</Filter>
    </ClInclude>
    <ClInclude Include="PozycjeNaMapie.h">
      <Filter>Pliki nagłówkowe</Filter>
    </ClInclude>
    <ClInclude Include="Funkcje.h">
      <Filter>Pliki nagłówkowe</Filter>
    </ClInclude>
    <ClInclude Include="Gra.h">
      <Filter>Pliki nagłówkowe</Filter>
    </ClInclude>
    <ClInclude Include="raygui.h">
      <Filter>Pliki nagłówkowe</Filter>
    </ClInclude>
    <ClInclude Include="rayguiimplementacja.h">
      <Filter>Pliki nagłówkowe</Filter>
    </ClInclude>
    <ClInclude Include="Obiekt.h">
      <Filter>Pliki nagłówkowe</Filter>
    </ClInclude>
    <ClInclude Include="Zasob.h">
      <Filter>Pliki nagłówkowe</Filter>
    </ClInclude>
    <ClInclude Include="SystemNamierzania.h">
      <Filter>Pliki nagłówkowe</Filter>
    </ClInclude>
    <ClInclude Include="Bron.h">
      <Filter>Pliki nagłówkowe</Filter>
    </ClInclude>
    <ClInclude Include="SystemObrazen.h">
      <Filter>Pliki nagłówkowe</Filter>
    </ClInclude>
    <ClInclude Include="GraczISter.h">
      <Filter>Pliki nagłówkowe</Filter>
    </ClInclude>
    <ClInclude Include="DyrektywyDebugowania.h">
      <Filter>Pliki nagłówkowe</Filter>
    </ClInclude>
  </ItemGroup>
</Project>